
Microsoft Visual Studio Solution File, Format Version 12.00
# Visual Studio Version 17
VisualStudioVersion = 17.10.35122.118
MinimumVisualStudioVersion = 10.0.40219.1
Project("{FAE04EC0-301F-11D3-BF4B-00C04F79EFBC}") = "PinnacleData2", "PinnacleData2\PinnacleData2.csproj", "{C7BE48C8-0A6D-40F3-AB5F-473EB808CC73}"
EndProject
Global
	GlobalSection(SolutionConfigurationPlatforms) = preSolution
		Debug|Any CPU = Debug|Any CPU
		Release|Any CPU = Release|Any CPU
	EndGlobalSection
	GlobalSection(ProjectConfigurationPlatforms) = postSolution
		{C7BE48C8-0A6D-40F3-AB5F-473EB808CC73}.Debug|Any CPU.ActiveCfg = Debug|Any CPU
		{C7BE48C8-0A6D-40F3-AB5F-473EB808CC73}.Debug|Any CPU.Build.0 = Debug|Any CPU
		{C7BE48C8-0A6D-40F3-AB5F-473EB808CC73}.Release|Any CPU.ActiveCfg = Release|Any CPU
		{C7BE48C8-0A6D-40F3-AB5F-473EB808CC73}.Release|Any CPU.Build.0 = Release|Any CPU
	EndGlobalSection
	GlobalSection(SolutionProperties) = preSolution
		HideSolutionNode = FALSE
	EndGlobalSection
	GlobalSection(ExtensibilityGlobals) = postSolution
		SolutionGuid = {043AA6B7-7703-46AD-A09D-0DAC5758D379}
	EndGlobalSection
EndGlobal
